
Microsoft Visual Studio Solution File, Format Version 12.00
# Visual Studio Version 17
VisualStudioVersion = 17.14.36623.8
MinimumVisualStudioVersion = 10.0.40219.1
Project("{FAE04EC0-301F-11D3-BF4B-00C04F79EFBC}") = "ToDoApp", "ToDoApp\ToDoApp.csproj", "{2C5E0905-4D6D-4A59-99F3-4B057059B30E}"
EndProject
Project("{FAE04EC0-301F-11D3-BF4B-00C04F79EFBC}") = "Data", "Data\Data.csproj", "{CC6DD5C1-BF06-4DD7-9A11-CDC5B97F4DE4}"
EndProject
Project("{FAE04EC0-301F-11D3-BF4B-00C04F79EFBC}") = "ServiceContracts", "ServiceContracts\ServiceContracts.csproj", "{41963B5B-6DA9-4436-A158-8315E6D14D04}"
EndProject
Project("{FAE04EC0-301F-11D3-BF4B-00C04F79EFBC}") = "Services", "Services\Services.csproj", "{A4DB290D-88EF-488C-9DE1-651BF1A9C217}"
EndProject
Project("{FAE04EC0-301F-11D3-BF4B-00C04F79EFBC}") = "Tests", "Tests\Tests.csproj", "{E6F6342D-496E-4251-94C7-9756C9F636BD}"
EndProject
Global
	GlobalSection(SolutionConfigurationPlatforms) = preSolution
		Debug|Any CPU = Debug|Any CPU
		Release|Any CPU = Release|Any CPU
	EndGlobalSection
	GlobalSection(ProjectConfigurationPlatforms) = postSolution
		{2C5E0905-4D6D-4A59-99F3-4B057059B30E}.Debug|Any CPU.ActiveCfg = Debug|Any CPU
		{2C5E0905-4D6D-4A59-99F3-4B057059B30E}.Debug|Any CPU.Build.0 = Debug|Any CPU
		{2C5E0905-4D6D-4A59-99F3-4B057059B30E}.Release|Any CPU.ActiveCfg = Release|Any CPU
		{2C5E0905-4D6D-4A59-99F3-4B057059B30E}.Release|Any CPU.Build.0 = Release|Any CPU
		{CC6DD5C1-BF06-4DD7-9A11-CDC5B97F4DE4}.Debug|Any CPU.ActiveCfg = Debug|Any CPU
		{CC6DD5C1-BF06-4DD7-9A11-CDC5B97F4DE4}.Debug|Any CPU.Build.0 = Debug|Any CPU
		{CC6DD5C1-BF06-4DD7-9A11-CDC5B97F4DE4}.Release|Any CPU.ActiveCfg = Release|Any CPU
		{CC6DD5C1-BF06-4DD7-9A11-CDC5B97F4DE4}.Release|Any CPU.Build.0 = Release|Any CPU
		{41963B5B-6DA9-4436-A158-8315E6D14D04}.Debug|Any CPU.ActiveCfg = Debug|Any CPU
		{41963B5B-6DA9-4436-A158-8315E6D14D04}.Debug|Any CPU.Build.0 = Debug|Any CPU
		{41963B5B-6DA9-4436-A158-8315E6D14D04}.Release|Any CPU.ActiveCfg = Release|Any CPU
		{41963B5B-6DA9-4436-A158-8315E6D14D04}.Release|Any CPU.Build.0 = Release|Any CPU
		{A4DB290D-88EF-488C-9DE1-651BF1A9C217}.Debug|Any CPU.ActiveCfg = Debug|Any CPU
		{A4DB290D-88EF-488C-9DE1-651BF1A9C217}.Debug|Any CPU.Build.0 = Debug|Any CPU
		{A4DB290D-88EF-488C-9DE1-651BF1A9C217}.Release|Any CPU.ActiveCfg = Release|Any CPU
		{A4DB290D-88EF-488C-9DE1-651BF1A9C217}.Release|Any CPU.Build.0 = Release|Any CPU
		{E6F6342D-496E-4251-94C7-9756C9F636BD}.Debug|Any CPU.ActiveCfg = Debug|Any CPU
		{E6F6342D-496E-4251-94C7-9756C9F636BD}.Debug|Any CPU.Build.0 = Debug|Any CPU
		{E6F6342D-496E-4251-94C7-9756C9F636BD}.Release|Any CPU.ActiveCfg = Release|Any CPU
		{E6F6342D-496E-4251-94C7-9756C9F636BD}.Release|Any CPU.Build.0 = Release|Any CPU
	EndGlobalSection
	GlobalSection(SolutionProperties) = preSolution
		HideSolutionNode = FALSE
	EndGlobalSection
	GlobalSection(ExtensibilityGlobals) = postSolution
		SolutionGuid = {5D119625-10A9-4364-B0C2-4E83EA388530}
	EndGlobalSection
EndGlobal
